
Microsoft Visual Studio Solution File, Format Version 12.00
# Visual Studio 2012
Project("{FAE04EC0-301F-11D3-BF4B-00C04F79EFBC}") = "InterfaceLayer", "InterfaceLayer\InterfaceLayer.csproj", "{436579A0-1146-4997-942E-0C26405CE485}"
EndProject
Global
	GlobalSection(SolutionConfigurationPlatforms) = preSolution
		Debug|Any CPU = Debug|Any CPU
		Release|Any CPU = Release|Any CPU
	EndGlobalSection
	GlobalSection(ProjectConfigurationPlatforms) = postSolution
		{436579A0-1146-4997-942E-0C26405CE485}.Debug|Any CPU.ActiveCfg = Debug|Any CPU
		{436579A0-1146-4997-942E-0C26405CE485}.Debug|Any CPU.Build.0 = Debug|Any CPU
		{436579A0-1146-4997-942E-0C26405CE485}.Release|Any CPU.ActiveCfg = Release|Any CPU
		{436579A0-1146-4997-942E-0C26405CE485}.Release|Any CPU.Build.0 = Release|Any CPU
	EndGlobalSection
	GlobalSection(SolutionProperties) = preSolution
		HideSolutionNode = FALSE
	EndGlobalSection
EndGlobal
